{
  "name": "app-assets",
  "version": "1.0.0",
  "lockfileVersion": 3,
  "requires": true,
  "packages": {
    "": {
      "name": "app-assets",
      "version": "1.0.0",
      "dependencies": {
        "@kern-ux/components": "^1.5.14",
        "bootstrap": "^5.3.7",
        "jquery": "^3.7.1",
        "uikit": "^3.23.11"
      }
    },
    "node_modules/@floating-ui/core": {
      "version": "1.7.2",
      "resolved": "https://registry.npmjs.org/@floating-ui/core/-/core-1.7.2.tgz",
      "integrity": "sha512-wNB5ooIKHQc+Kui96jE/n69rHFWAVoxn5CAzL1Xdd8FG03cgY3MLO+GF9U3W737fYDSgPWA6MReKhBQBop6Pcw==",
      "license": "MIT",
      "peer": true,
      "dependencies": {
        "@floating-ui/utils": "^0.2.10"
      }
    },
    "node_modules/@floating-ui/dom": {
      "version": "1.7.1",
      "resolved": "https://registry.npmjs.org/@floating-ui/dom/-/dom-1.7.1.tgz",
      "integrity": "sha512-cwsmW/zyw5ltYTUeeYJ60CnQuPqmGwuGVhG9w0PRaRKkAyi38BT5CKrpIbb+jtahSwUl04cWzSx9ZOIxeS6RsQ==",
      "license": "MIT",
      "peer": true,
      "dependencies": {
        "@floating-ui/core": "^1.7.1",
        "@floating-ui/utils": "^0.2.9"
      }
    },
    "node_modules/@floating-ui/utils": {
      "version": "0.2.10",
      "resolved": "https://registry.npmjs.org/@floating-ui/utils/-/utils-0.2.10.tgz",
      "integrity": "sha512-aGTxbpbg8/b5JfU1HXSrbH3wXZuLPJcNEcZQFMxLs3oSzgtVu6nFPkbbGGUvBcUjKV2YyB9Wxxabo+HEH9tcRQ==",
      "license": "MIT",
      "peer": true
    },
    "node_modules/@kern-ux/components": {
      "version": "1.5.14",
      "resolved": "https://registry.npmjs.org/@kern-ux/components/-/components-1.5.14.tgz",
      "integrity": "sha512-n++ltjYrXrsy5T9NzxxP80hurBSQqv5dup2XV9JE0O1KAwt91rXFsjS+7+yyssBfes2nGhmOebsnJ8YgQ9g+Zg==",
      "license": "EUPL-1.2",
      "dependencies": {
        "@kern-ux/schema": "^1.5.14",
        "@kern-ux/themes": "^1.5.14",
        "clsx": "2.1.1"
      }
    },
    "node_modules/@kern-ux/schema": {
      "version": "1.5.14",
      "resolved": "https://registry.npmjs.org/@kern-ux/schema/-/schema-1.5.14.tgz",
      "integrity": "sha512-6mCujQytRP+s0K8hWqbirRNTUZ0PbWvn0F7aBfm9eti880n0uL8jefw1wqlQ9/OXCdbNljDCf+IhJrOukdkPMQ==",
      "license": "EUPL-1.2",
      "dependencies": {
        "adopted-style-sheets": "1.1.4"
      }
    },
    "node_modules/@kern-ux/themes": {
      "version": "1.5.14",
      "resolved": "https://registry.npmjs.org/@kern-ux/themes/-/themes-1.5.14.tgz",
      "integrity": "sha512-3q2Cuf02SvUx87vGtJqCseHBYmBS+pcODxlaBuiUQc+bvsm2X/TtyjodAAoCCgabHv2srRQhdj6qFjnPP3fMUA==",
      "license": "EUPL-1.2",
      "peerDependencies": {
        "@public-ui/components": "^2.1.1"
      }
    },
    "node_modules/@popperjs/core": {
      "version": "2.11.8",
      "resolved": "https://registry.npmjs.org/@popperjs/core/-/core-2.11.8.tgz",
      "integrity": "sha512-P1st0aksCrn9sGZhp8GMYwBnQsbvAWsZAX44oXNNvLHGqAOcoVxmjZiohstwQ7SqKnbR47akdNi+uleWD8+g6A==",
      "license": "MIT",
      "peer": true,
      "funding": {
        "type": "opencollective",
        "url": "https://opencollective.com/popperjs"
      }
    },
    "node_modules/@public-ui/components": {
      "version": "2.2.12",
      "resolved": "https://registry.npmjs.org/@public-ui/components/-/components-2.2.12.tgz",
      "integrity": "sha512-MM9Q5tdslJAfvkgyBiPRKsV9gJ+i01O54Wgs1DLz4lpBx4ixrZdOkRzdHPZi4TkjsJgOX5fURbE0bK7QlE1Bcg==",
      "license": "EUPL-1.2",
      "peer": true,
      "dependencies": {
        "@floating-ui/dom": "1.7.1",
        "adopted-style-sheets": "1.1.9-rc.19",
        "clsx": "2.1.1",
        "color-convert": "3.1.0",
        "color-rgba": "2.4.0",
        "markdown-it": "14.1.0",
        "query-selector-all-shadow-root": "0.0.3",
        "query-selector-shadow-root": "0.0.3",
        "rgba-convert": "0.3.0",
        "wcag-contrast": "3.0.0"
      },
      "peerDependencies": {
        "adopted-style-sheets": "1.1.9-rc.19"
      }
    },
    "node_modules/@public-ui/components/node_modules/adopted-style-sheets": {
      "version": "1.1.9-rc.19",
      "resolved": "https://registry.npmjs.org/adopted-style-sheets/-/adopted-style-sheets-1.1.9-rc.19.tgz",
      "integrity": "sha512-E2mFjkdm6f/5pZfwm/yFpoA2jI2y182G4Zzmr7EWD55HuUV+RKCoVyEr5Cv2yfOtjIwugySW0Tjm5P/IIhJmkQ==",
      "license": "EUPL-1.2",
      "peer": true,
      "dependencies": {
        "loglevel": "1.9.2"
      }
    },
    "node_modules/@public-ui/components/node_modules/loglevel": {
      "version": "1.9.2",
      "resolved": "https://registry.npmjs.org/loglevel/-/loglevel-1.9.2.tgz",
      "integrity": "sha512-HgMmCqIJSAKqo68l0rS2AanEWfkxaZ5wNiEFb5ggm08lDs9Xl2KxBlX3PTcaD2chBM1gXAYf491/M2Rv8Jwayg==",
      "license": "MIT",
      "peer": true,
      "engines": {
        "node": ">= 0.6.0"
      },
      "funding": {
        "type": "tidelift",
        "url": "https://tidelift.com/funding/github/npm/loglevel"
      }
    },
    "node_modules/adopted-style-sheets": {
      "version": "1.1.4",
      "resolved": "https://registry.npmjs.org/adopted-style-sheets/-/adopted-style-sheets-1.1.4.tgz",
      "integrity": "sha512-e3YepSR6N/fRHCBM++pIsfFDdvWSbuoRVmYWXiQMuyK9d+6vsrsS7Frt7KOnSy2aHnipGbast0oKaY6arxkcrw==",
      "license": "EUPL-1.2",
      "dependencies": {
        "loglevel": "1.9.1"
      }
    },
    "node_modules/argparse": {
      "version": "2.0.1",
      "resolved": "https://registry.npmjs.org/argparse/-/argparse-2.0.1.tgz",
      "integrity": "sha512-8+9WqebbFzpX9OR+Wa6O29asIogeRMzcGtAINdpMHHyAg10f05aSFVBbcEqGf/PXw1EjAZ+q2/bEBg3DvurK3Q==",
      "license": "Python-2.0",
      "peer": true
    },
    "node_modules/bootstrap": {
      "version": "5.3.7",
      "resolved": "https://registry.npmjs.org/bootstrap/-/bootstrap-5.3.7.tgz",
      "integrity": "sha512-7KgiD8UHjfcPBHEpDNg+zGz8L3LqR3GVwqZiBRFX04a1BCArZOz1r2kjly2HQ0WokqTO0v1nF+QAt8dsW4lKlw==",
      "funding": [
        {
          "type": "github",
          "url": "https://github.com/sponsors/twbs"
        },
        {
          "type": "opencollective",
          "url": "https://opencollective.com/bootstrap"
        }
      ],
      "license": "MIT",
      "peerDependencies": {
        "@popperjs/core": "^2.11.8"
      }
    },
    "node_modules/clsx": {
      "version": "2.1.1",
      "resolved": "https://registry.npmjs.org/clsx/-/clsx-2.1.1.tgz",
      "integrity": "sha512-eYm0QWBtUrBWZWG0d386OGAw16Z995PiOVo2B7bjWSbHedGl5e0ZWaq65kOGgUSNesEIDkB9ISbTg/JK9dhCZA==",
      "license": "MIT",
      "engines": {
        "node": ">=6"
      }
    },
    "node_modules/color-convert": {
      "version": "3.1.0",
      "resolved": "https://registry.npmjs.org/color-convert/-/color-convert-3.1.0.tgz",
      "integrity": "sha512-TVoqAq8ZDIpK5lsQY874DDnu65CSsc9vzq0wLpNQ6UMBq81GSZocVazPiBbYGzngzBOIRahpkTzCLVe2at4MfA==",
      "license": "MIT",
      "peer": true,
      "dependencies": {
        "color-name": "^2.0.0"
      },
      "engines": {
        "node": ">=14.6"
      }
    },
    "node_modules/color-name": {
      "version": "2.0.0",
      "resolved": "https://registry.npmjs.org/color-name/-/color-name-2.0.0.tgz",
      "integrity": "sha512-SbtvAMWvASO5TE2QP07jHBMXKafgdZz8Vrsrn96fiL+O92/FN/PLARzUW5sKt013fjAprK2d2iCn2hk2Xb5oow==",
      "license": "MIT",
      "peer": true,
      "engines": {
        "node": ">=12.20"
      }
    },
    "node_modules/color-parse": {
      "version": "1.4.3",
      "resolved": "https://registry.npmjs.org/color-parse/-/color-parse-1.4.3.tgz",
      "integrity": "sha512-BADfVl/FHkQkyo8sRBwMYBqemqsgnu7JZAwUgvBvuwwuNUZAhSvLTbsEErS5bQXzOjDR0dWzJ4vXN2Q+QoPx0A==",
      "license": "MIT",
      "peer": true,
      "dependencies": {
        "color-name": "^1.0.0"
      }
    },
    "node_modules/color-parse/node_modules/color-name": {
      "version": "1.1.4",
      "resolved": "https://registry.npmjs.org/color-name/-/color-name-1.1.4.tgz",
      "integrity": "sha512-dOy+3AuW3a2wNbZHIuMZpTcgjGuLU/uBL/ubcZF9OXbDo8ff4O8yVp5Bf0efS8uEoYo5q4Fx7dY9OgQGXgAsQA==",
      "license": "MIT",
      "peer": true
    },
    "node_modules/color-rgba": {
      "version": "2.4.0",
      "resolved": "https://registry.npmjs.org/color-rgba/-/color-rgba-2.4.0.tgz",
      "integrity": "sha512-Nti4qbzr/z2LbUWySr7H9dk3Rl7gZt7ihHAxlgT4Ho90EXWkjtkL1avTleu9yeGuqrt/chxTB6GKK8nZZ6V0+Q==",
      "license": "MIT",
      "peer": true,
      "dependencies": {
        "color-parse": "^1.4.2",
        "color-space": "^2.0.0"
      }
    },
    "node_modules/color-space": {
      "version": "2.3.2",
      "resolved": "https://registry.npmjs.org/color-space/-/color-space-2.3.2.tgz",
      "integrity": "sha512-BcKnbOEsOarCwyoLstcoEztwT0IJxqqQkNwDuA3a65sICvvHL2yoeV13psoDFh5IuiOMnIOKdQDwB4Mk3BypiA==",
      "license": "Unlicense",
      "peer": true
    },
    "node_modules/entities": {
      "version": "4.5.0",
      "resolved": "https://registry.npmjs.org/entities/-/entities-4.5.0.tgz",
      "integrity": "sha512-V0hjH4dGPh9Ao5p0MoRY6BVqtwCjhz6vI5LT8AJ55H+4g9/4vbHx1I54fS0XuclLhDHArPQCiMjDxjaL8fPxhw==",
      "license": "BSD-2-Clause",
      "peer": true,
      "engines": {
        "node": ">=0.12"
      },
      "funding": {
        "url": "https://github.com/fb55/entities?sponsor=1"
      }
    },
    "node_modules/esm": {
      "version": "3.2.25",
      "resolved": "https://registry.npmjs.org/esm/-/esm-3.2.25.tgz",
      "integrity": "sha512-U1suiZ2oDVWv4zPO56S0NcR5QriEahGtdN2OR6FiOG4WJvcjBVFB0qI4+eKoWFH483PKGuLuu6V8Z4T5g63UVA==",
      "license": "MIT",
      "peer": true,
      "engines": {
        "node": ">=6"
      }
    },
    "node_modules/jquery": {
      "version": "3.7.1",
      "resolved": "https://registry.npmjs.org/jquery/-/jquery-3.7.1.tgz",
      "integrity": "sha512-m4avr8yL8kmFN8psrbFFFmB/If14iN5o9nw/NgnnM+kybDJpRsAynV2BsfpTYrTRysYUdADVD7CkUUizgkpLfg==",
      "license": "MIT"
    },
    "node_modules/linkify-it": {
      "version": "5.0.0",
      "resolved": "https://registry.npmjs.org/linkify-it/-/linkify-it-5.0.0.tgz",
      "integrity": "sha512-5aHCbzQRADcdP+ATqnDuhhJ/MRIqDkZX5pyjFHRRysS8vZ5AbqGEoFIb6pYHPZ+L/OC2Lc+xT8uHVVR5CAK/wQ==",
      "license": "MIT",
      "peer": true,
      "dependencies": {
        "uc.micro": "^2.0.0"
      }
    },
    "node_modules/loglevel": {
      "version": "1.9.1",
      "resolved": "https://registry.npmjs.org/loglevel/-/loglevel-1.9.1.tgz",
      "integrity": "sha512-hP3I3kCrDIMuRwAwHltphhDM1r8i55H33GgqjXbrisuJhF4kRhW1dNuxsRklp4bXl8DSdLaNLuiL4A/LWRfxvg==",
      "license": "MIT",
      "engines": {
        "node": ">= 0.6.0"
      },
      "funding": {
        "type": "tidelift",
        "url": "https://tidelift.com/funding/github/npm/loglevel"
      }
    },
    "node_modules/markdown-it": {
      "version": "14.1.0",
      "resolved": "https://registry.npmjs.org/markdown-it/-/markdown-it-14.1.0.tgz",
      "integrity": "sha512-a54IwgWPaeBCAAsv13YgmALOF1elABB08FxO9i+r4VFk5Vl4pKokRPeX8u5TCgSsPi6ec1otfLjdOpVcgbpshg==",
      "license": "MIT",
      "peer": true,
      "dependencies": {
        "argparse": "^2.0.1",
        "entities": "^4.4.0",
        "linkify-it": "^5.0.0",
        "mdurl": "^2.0.0",
        "punycode.js": "^2.3.1",
        "uc.micro": "^2.1.0"
      },
      "bin": {
        "markdown-it": "bin/markdown-it.mjs"
      }
    },
    "node_modules/mdurl": {
      "version": "2.0.0",
      "resolved": "https://registry.npmjs.org/mdurl/-/mdurl-2.0.0.tgz",
      "integrity": "sha512-Lf+9+2r+Tdp5wXDXC4PcIBjTDtq4UKjCPMQhKIuzpJNW0b96kVqSwW0bT7FhRSfmAiFYgP+SCRvdrDozfh0U5w==",
      "license": "MIT",
      "peer": true
    },
    "node_modules/punycode.js": {
      "version": "2.3.1",
      "resolved": "https://registry.npmjs.org/punycode.js/-/punycode.js-2.3.1.tgz",
      "integrity": "sha512-uxFIHU0YlHYhDQtV4R9J6a52SLx28BCjT+4ieh7IGbgwVJWO+km431c4yRlREUAsAmt/uMjQUyQHNEPf0M39CA==",
      "license": "MIT",
      "peer": true,
      "engines": {
        "node": ">=6"
      }
    },
    "node_modules/query-selector-all-shadow-root": {
      "version": "0.0.3",
      "resolved": "https://registry.npmjs.org/query-selector-all-shadow-root/-/query-selector-all-shadow-root-0.0.3.tgz",
      "integrity": "sha512-J7TPo7c+Ut6Wl7Ujk/dToR15eqwu84vJAazgzkcUxCeCtoxbDJPsFs9mBaYoSUfS0ZN3xspLDGBajr0G8d2QZQ==",
      "license": "EUPL-1.2",
      "peer": true
    },
    "node_modules/query-selector-shadow-root": {
      "version": "0.0.3",
      "resolved": "https://registry.npmjs.org/query-selector-shadow-root/-/query-selector-shadow-root-0.0.3.tgz",
      "integrity": "sha512-QXU2+N4fR2g8gqjGRjwg7x2oCiudc+nUAbaOqLtXvAlF7nQ32sRlkgFdpHLwzfeBvyvBgJzN/QFCogGCSjB/bQ==",
      "license": "EUPL-1.2",
      "peer": true
    },
    "node_modules/relative-luminance": {
      "version": "2.0.1",
      "resolved": "https://registry.npmjs.org/relative-luminance/-/relative-luminance-2.0.1.tgz",
      "integrity": "sha512-wFuITNthJilFPwkK7gNJcULxXBcfFZvZORsvdvxeOdO44wCeZnuQkf3nFFzOR/dpJNxYsdRZJLsepWbyKhnMww==",
      "license": "BSD-2-Clause",
      "peer": true,
      "dependencies": {
        "esm": "^3.0.84"
      }
    },
    "node_modules/rgba-convert": {
      "version": "0.3.0",
      "resolved": "https://registry.npmjs.org/rgba-convert/-/rgba-convert-0.3.0.tgz",
      "integrity": "sha512-l9MrAHIBevtg2NriZbCKVEZP/1eEfA+69r65gPXopzjivEadBRjFFSH74Lvobiot0nJa8xZSko/3xGSXNCaHAA==",
      "license": "MIT",
      "peer": true
    },
    "node_modules/uc.micro": {
      "version": "2.1.0",
      "resolved": "https://registry.npmjs.org/uc.micro/-/uc.micro-2.1.0.tgz",
      "integrity": "sha512-ARDJmphmdvUk6Glw7y9DQ2bFkKBHwQHLi2lsaH6PPmz/Ka9sFOBsBluozhDltWmnv9u/cF6Rt87znRTPV+yp/A==",
      "license": "MIT",
      "peer": true
    },
    "node_modules/uikit": {
      "version": "3.23.11",
      "resolved": "https://registry.npmjs.org/uikit/-/uikit-3.23.11.tgz",
      "integrity": "sha512-srUFBf5DfUxVpodcygibMQt1vgQjR9wlhIQo4GeWVpugk5+mKLPASJITDoY8wcwXQIHm7koELiPJ+FgNbzLv0A==",
      "license": "MIT"
    },
    "node_modules/wcag-contrast": {
      "version": "3.0.0",
      "resolved": "https://registry.npmjs.org/wcag-contrast/-/wcag-contrast-3.0.0.tgz",
      "integrity": "sha512-RWbpg/S7FOXDCwqC2oFhN/vh8dHzj0OS6dpyOSDHyQFSmqmR+lAUStV/ziTT1GzDqL9wol+nZQB4vCi5yEak+w==",
      "license": "BSD-2-Clause",
      "peer": true,
      "dependencies": {
        "relative-luminance": "^2.0.0"
      }
    }
  }
}
